// !$*UTF8*$!
{
	archiveVersion = 1;
	classes = {
	};
	objectVersion = 56;
	objects = {

/* Begin PBXBuildFile section */
		2A4420512B09A7CC00DCD949 /* Hackathon_23App.swift in Sources */ = {isa = PBXBuildFile; fileRef = 2A4420502B09A7CC00DCD949 /* Hackathon_23App.swift */; };
		2A4420532B09A7CC00DCD949 /* Home.swift in Sources */ = {isa = PBXBuildFile; fileRef = 2A4420522B09A7CC00DCD949 /* Home.swift */; };
		2A4420552B09A7CE00DCD949 /* Assets.xcassets in Resources */ = {isa = PBXBuildFile; fileRef = 2A4420542B09A7CE00DCD949 /* Assets.xcassets */; };
		2A4420582B09A7CE00DCD949 /* Preview Assets.xcassets in Resources */ = {isa = PBXBuildFile; fileRef = 2A4420572B09A7CE00DCD949 /* Preview Assets.xcassets */; };
		2A4A15072B166B4400D19938 /* ProfilePurchases.swift in Sources */ = {isa = PBXBuildFile; fileRef = 2A4A15062B166B4400D19938 /* ProfilePurchases.swift */; };
		2A4A15092B166B5C00D19938 /* ProfileFollowing.swift in Sources */ = {isa = PBXBuildFile; fileRef = 2A4A15082B166B5C00D19938 /* ProfileFollowing.swift */; };
		2A4A150B2B166B7B00D19938 /* ProfileLikes.swift in Sources */ = {isa = PBXBuildFile; fileRef = 2A4A150A2B166B7B00D19938 /* ProfileLikes.swift */; };
		2A4A150D2B166B8600D19938 /* OthersProfile.swift in Sources */ = {isa = PBXBuildFile; fileRef = 2A4A150C2B166B8600D19938 /* OthersProfile.swift */; };
		2A4A150F2B1687F500D19938 /* CartRowView.swift in Sources */ = {isa = PBXBuildFile; fileRef = 2A4A150E2B1687F400D19938 /* CartRowView.swift */; };
		2A4B3A7E2B16458100AD16AD /* rubik in Resources */ = {isa = PBXBuildFile; fileRef = 2A4B3A7D2B16458100AD16AD /* rubik */; };
		2AB1B5E92B16481D00459EBB /* Navigation Bar.swift in Sources */ = {isa = PBXBuildFile; fileRef = 2AB1B5E82B16481D00459EBB /* Navigation Bar.swift */; };
		2AB1B5EB2B164AEF00459EBB /* Shopping Cart.swift in Sources */ = {isa = PBXBuildFile; fileRef = 2AB1B5EA2B164AEF00459EBB /* Shopping Cart.swift */; };
		2AB1B5ED2B164B0200459EBB /* Checkout.swift in Sources */ = {isa = PBXBuildFile; fileRef = 2AB1B5EC2B164B0200459EBB /* Checkout.swift */; };
		2AB1B5EF2B164B1D00459EBB /* Image Pop-Up.swift in Sources */ = {isa = PBXBuildFile; fileRef = 2AB1B5EE2B164B1D00459EBB /* Image Pop-Up.swift */; };
		2AB1B5F12B164B2D00459EBB /* Add.swift in Sources */ = {isa = PBXBuildFile; fileRef = 2AB1B5F02B164B2D00459EBB /* Add.swift */; };
		2AB1B5F32B164B3E00459EBB /* ProfileListing.swift in Sources */ = {isa = PBXBuildFile; fileRef = 2AB1B5F22B164B3E00459EBB /* ProfileListing.swift */; };
/* End PBXBuildFile section */

/* Begin PBXFileReference section */
		2A44204D2B09A7CC00DCD949 /* Hackathon 23.app */ = {isa = PBXFileReference; explicitFileType = wrapper.application; includeInIndex = 0; path = "Hackathon 23.app"; sourceTree = BUILT_PRODUCTS_DIR; };
		2A4420502B09A7CC00DCD949 /* Hackathon_23App.swift */ = {isa = PBXFileReference; lastKnownFileType = sourcecode.swift; path = Hackathon_23App.swift; sourceTree = "<group>"; };
		2A4420522B09A7CC00DCD949 /* Home.swift */ = {isa = PBXFileReference; lastKnownFileType = sourcecode.swift; path = Home.swift; sourceTree = "<group>"; };
		2A4420542B09A7CE00DCD949 /* Assets.xcassets */ = {isa = PBXFileReference; lastKnownFileType = folder.assetcatalog; path = Assets.xcassets; sourceTree = "<group>"; };
		2A4420572B09A7CE00DCD949 /* Preview Assets.xcassets */ = {isa = PBXFileReference; lastKnownFileType = folder.assetcatalog; path = "Preview Assets.xcassets"; sourceTree = "<group>"; };
		2A4A15062B166B4400D19938 /* ProfilePurchases.swift */ = {isa = PBXFileReference; lastKnownFileType = sourcecode.swift; path = ProfilePurchases.swift; sourceTree = "<group>"; };
		2A4A15082B166B5C00D19938 /* ProfileFollowing.swift */ = {isa = PBXFileReference; lastKnownFileType = sourcecode.swift; path = ProfileFollowing.swift; sourceTree = "<group>"; };
		2A4A150A2B166B7B00D19938 /* ProfileLikes.swift */ = {isa = PBXFileReference; lastKnownFileType = sourcecode.swift; path = ProfileLikes.swift; sourceTree = "<group>"; };
		2A4A150C2B166B8600D19938 /* OthersProfile.swift */ = {isa = PBXFileReference; lastKnownFileType = sourcecode.swift; path = OthersProfile.swift; sourceTree = "<group>"; };
		2A4A150E2B1687F400D19938 /* CartRowView.swift */ = {isa = PBXFileReference; lastKnownFileType = sourcecode.swift; path = CartRowView.swift; sourceTree = "<group>"; };
		2A4B3A7D2B16458100AD16AD /* rubik */ = {isa = PBXFileReference; lastKnownFileType = folder; name = rubik; path = "Hackathon 23/rubik"; sourceTree = SOURCE_ROOT; };
		2A4B3A7F2B1645E800AD16AD /* Hackathon-23-Info.plist */ = {isa = PBXFileReference; lastKnownFileType = text.plist; path = "Hackathon-23-Info.plist"; sourceTree = SOURCE_ROOT; };
		2AB1B5E82B16481D00459EBB /* Navigation Bar.swift */ = {isa = PBXFileReference; lastKnownFileType = sourcecode.swift; path = "Navigation Bar.swift"; sourceTree = "<group>"; };
		2AB1B5EA2B164AEF00459EBB /* Shopping Cart.swift */ = {isa = PBXFileReference; lastKnownFileType = sourcecode.swift; path = "Shopping Cart.swift"; sourceTree = "<group>"; };
		2AB1B5EC2B164B0200459EBB /* Checkout.swift */ = {isa = PBXFileReference; lastKnownFileType = sourcecode.swift; path = Checkout.swift; sourceTree = "<group>"; };
		2AB1B5EE2B164B1D00459EBB /* Image Pop-Up.swift */ = {isa = PBXFileReference; lastKnownFileType = sourcecode.swift; path = "Image Pop-Up.swift"; sourceTree = "<group>"; };
		2AB1B5F02B164B2D00459EBB /* Add.swift */ = {isa = PBXFileReference; lastKnownFileType = sourcecode.swift; path = Add.swift; sourceTree = "<group>"; };
		2AB1B5F22B164B3E00459EBB /* ProfileListing.swift */ = {isa = PBXFileReference; lastKnownFileType = sourcecode.swift; path = ProfileListing.swift; sourceTree = "<group>"; };
/* End PBXFileReference section */

/* Begin PBXFrameworksBuildPhase section */
		2A44204A2B09A7CC00DCD949 /* Frameworks */ = {
			isa = PBXFrameworksBuildPhase;
			buildActionMask = 2147483647;
			files = (
			);
			runOnlyForDeploymentPostprocessing = 0;
		};
/* End PBXFrameworksBuildPhase section */

/* Begin PBXGroup section */
		2A4420442B09A7CC00DCD949 = {
			isa = PBXGroup;
			children = (
				2A44204F2B09A7CC00DCD949 /* Hackathon 23 */,
				2A44204E2B09A7CC00DCD949 /* Products */,
			);
			sourceTree = "<group>";
		};
		2A44204E2B09A7CC00DCD949 /* Products */ = {
			isa = PBXGroup;
			children = (
				2A44204D2B09A7CC00DCD949 /* Hackathon 23.app */,
			);
			name = Products;
			sourceTree = "<group>";
		};
		2A44204F2B09A7CC00DCD949 /* Hackathon 23 */ = {
			isa = PBXGroup;
			children = (
				2A4B3A7F2B1645E800AD16AD /* Hackathon-23-Info.plist */,
				2A4420502B09A7CC00DCD949 /* Hackathon_23App.swift */,
				2A4420522B09A7CC00DCD949 /* Home.swift */,
				2AB1B5E82B16481D00459EBB /* Navigation Bar.swift */,
				2AB1B5EA2B164AEF00459EBB /* Shopping Cart.swift */,
				2A4A15102B16902E00D19938 /* Views */,
				2AB1B5EC2B164B0200459EBB /* Checkout.swift */,
				2AB1B5EE2B164B1D00459EBB /* Image Pop-Up.swift */,
				2AB1B5F02B164B2D00459EBB /* Add.swift */,
				2AB1B5F22B164B3E00459EBB /* ProfileListing.swift */,
				2A4A15062B166B4400D19938 /* ProfilePurchases.swift */,
				2A4A15082B166B5C00D19938 /* ProfileFollowing.swift */,
				2A4A150A2B166B7B00D19938 /* ProfileLikes.swift */,
				2A4A150C2B166B8600D19938 /* OthersProfile.swift */,
				2A4B3A7D2B16458100AD16AD /* rubik */,
				2A4420542B09A7CE00DCD949 /* Assets.xcassets */,
				2A4420562B09A7CE00DCD949 /* Preview Content */,
			);
			path = "Hackathon 23";
			sourceTree = "<group>";
		};
		2A4420562B09A7CE00DCD949 /* Preview Content */ = {
			isa = PBXGroup;
			children = (
				2A4420572B09A7CE00DCD949 /* Preview Assets.xcassets */,
			);
			path = "Preview Content";
			sourceTree = "<group>";
		};
		2A4A15102B16902E00D19938 /* Views */ = {
			isa = PBXGroup;
			children = (
				2A4A150E2B1687F400D19938 /* CartRowView.swift */,
			);
			path = Views;
			sourceTree = "<group>";
		};
/* End PBXGroup section */

/* Begin PBXNativeTarget section */
		2A44204C2B09A7CC00DCD949 /* Hackathon 23 */ = {
			isa = PBXNativeTarget;
			buildConfigurationList = 2A44205B2B09A7CE00DCD949 /* Build configuration list for PBXNativeTarget "Hackathon 23" */;
			buildPhases = (
				2A4420492B09A7CC00DCD949 /* Sources */,
				2A44204A2B09A7CC00DCD949 /* Frameworks */,
				2A44204B2B09A7CC00DCD949 /* Resources */,
			);
			buildRules = (
			);
			dependencies = (
			);
			name = "Hackathon 23";
			productName = "Hackathon 23";
			productReference = 2A44204D2B09A7CC00DCD949 /* Hackathon 23.app */;
			productType = "com.apple.product-type.application";
		};
/* End PBXNativeTarget section */

/* Begin PBXProject section */
		2A4420452B09A7CC00DCD949 /* Project object */ = {
			isa = PBXProject;
			attributes = {
				BuildIndependentTargetsInParallel = 1;
				LastSwiftUpdateCheck = 1500;
				LastUpgradeCheck = 1500;
				TargetAttributes = {
					2A44204C2B09A7CC00DCD949 = {
						CreatedOnToolsVersion = 15.0.1;
					};
				};
			};
			buildConfigurationList = 2A4420482B09A7CC00DCD949 /* Build configuration list for PBXProject "Hackathon 23" */;
			compatibilityVersion = "Xcode 14.0";
			developmentRegion = en;
			hasScannedForEncodings = 0;
			knownRegions = (
				en,
				Base,
			);
			mainGroup = 2A4420442B09A7CC00DCD949;
			productRefGroup = 2A44204E2B09A7CC00DCD949 /* Products */;
			projectDirPath = "";
			projectRoot = "";
			targets = (
				2A44204C2B09A7CC00DCD949 /* Hackathon 23 */,
			);
		};
/* End PBXProject section */

/* Begin PBXResourcesBuildPhase section */
		2A44204B2B09A7CC00DCD949 /* Resources */ = {
			isa = PBXResourcesBuildPhase;
			buildActionMask = 2147483647;
			files = (
				2A4B3A7E2B16458100AD16AD /* rubik in Resources */,
				2A4420582B09A7CE00DCD949 /* Preview Assets.xcassets in Resources */,
				2A4420552B09A7CE00DCD949 /* Assets.xcassets in Resources */,
			);
			runOnlyForDeploymentPostprocessing = 0;
		};
/* End PBXResourcesBuildPhase section */

/* Begin PBXSourcesBuildPhase section */
		2A4420492B09A7CC00DCD949 /* Sources */ = {
			isa = PBXSourcesBuildPhase;
			buildActionMask = 2147483647;
			files = (
				2AB1B5EB2B164AEF00459EBB /* Shopping Cart.swift in Sources */,
				2AB1B5E92B16481D00459EBB /* Navigation Bar.swift in Sources */,
				2AB1B5F32B164B3E00459EBB /* ProfileListing.swift in Sources */,
				2A4A15072B166B4400D19938 /* ProfilePurchases.swift in Sources */,
				2AB1B5F12B164B2D00459EBB /* Add.swift in Sources */,
				2AB1B5ED2B164B0200459EBB /* Checkout.swift in Sources */,
				2A4420532B09A7CC00DCD949 /* Home.swift in Sources */,
				2A4A150B2B166B7B00D19938 /* ProfileLikes.swift in Sources */,
				2A4A150F2B1687F500D19938 /* CartRowView.swift in Sources */,
				2A4A150D2B166B8600D19938 /* OthersProfile.swift in Sources */,
				2A4420512B09A7CC00DCD949 /* Hackathon_23App.swift in Sources */,
				2AB1B5EF2B164B1D00459EBB /* Image Pop-Up.swift in Sources */,
				2A4A15092B166B5C00D19938 /* ProfileFollowing.swift in Sources */,
			);
			runOnlyForDeploymentPostprocessing = 0;
		};
/* End PBXSourcesBuildPhase section */

/* Begin XCBuildConfiguration section */
		2A4420592B09A7CE00DCD949 /* Debug */ = {
			isa = XCBuildConfiguration;
			buildSettings = {
				ALWAYS_SEARCH_USER_PATHS = NO;
				ASSETCATALOG_COMPILER_GENERATE_SWIFT_ASSET_SYMBOL_EXTENSIONS = YES;
				CLANG_ANALYZER_NONNULL = YES;
				CLANG_ANALYZER_NUMBER_OBJECT_CONVERSION = YES_AGGRESSIVE;
				CLANG_CXX_LANGUAGE_STANDARD = "gnu++20";
				CLANG_ENABLE_MODULES = YES;
				CLANG_ENABLE_OBJC_ARC = YES;
				CLANG_ENABLE_OBJC_WEAK = YES;
				CLANG_WARN_BLOCK_CAPTURE_AUTORELEASING = YES;
				CLANG_WARN_BOOL_CONVERSION = YES;
				CLANG_WARN_COMMA = YES;
				CLANG_WARN_CONSTANT_CONVERSION = YES;
				CLANG_WARN_DEPRECATED_OBJC_IMPLEMENTATIONS = YES;
				CLANG_WARN_DIRECT_OBJC_ISA_USAGE = YES_ERROR;
				CLANG_WARN_DOCUMENTATION_COMMENTS = YES;
				CLANG_WARN_EMPTY_BODY = YES;
				CLANG_WARN_ENUM_CONVERSION = YES;
				CLANG_WARN_INFINITE_RECURSION = YES;
				CLANG_WARN_INT_CONVERSION = YES;
				CLANG_WARN_NON_LITERAL_NULL_CONVERSION = YES;
				CLANG_WARN_OBJC_IMPLICIT_RETAIN_SELF = YES;
				CLANG_WARN_OBJC_LITERAL_CONVERSION = YES;
				CLANG_WARN_OBJC_ROOT_CLASS = YES_ERROR;
				CLANG_WARN_QUOTED_INCLUDE_IN_FRAMEWORK_HEADER = YES;
				CLANG_WARN_RANGE_LOOP_ANALYSIS = YES;
				CLANG_WARN_STRICT_PROTOTYPES = YES;
				CLANG_WARN_SUSPICIOUS_MOVE = YES;
				CLANG_WARN_UNGUARDED_AVAILABILITY = YES_AGGRESSIVE;
				CLANG_WARN_UNREACHABLE_CODE = YES;
				CLANG_WARN__DUPLICATE_METHOD_MATCH = YES;
				COPY_PHASE_STRIP = NO;
				DEBUG_INFORMATION_FORMAT = dwarf;
				ENABLE_STRICT_OBJC_MSGSEND = YES;
				ENABLE_TESTABILITY = YES;
				ENABLE_USER_SCRIPT_SANDBOXING = YES;
				GCC_C_LANGUAGE_STANDARD = gnu17;
				GCC_DYNAMIC_NO_PIC = NO;
				GCC_NO_COMMON_BLOCKS = YES;
				GCC_OPTIMIZATION_LEVEL = 0;
				GCC_PREPROCESSOR_DEFINITIONS = (
					"DEBUG=1",
					"$(inherited)",
				);
				GCC_WARN_64_TO_32_BIT_CONVERSION = YES;
				GCC_WARN_ABOUT_RETURN_TYPE = YES_ERROR;
				GCC_WARN_UNDECLARED_SELECTOR = YES;
				GCC_WARN_UNINITIALIZED_AUTOS = YES_AGGRESSIVE;
				GCC_WARN_UNUSED_FUNCTION = YES;
				GCC_WARN_UNUSED_VARIABLE = YES;
				IPHONEOS_DEPLOYMENT_TARGET = 17.0;
				LOCALIZATION_PREFERS_STRING_CATALOGS = YES;
				MTL_ENABLE_DEBUG_INFO = INCLUDE_SOURCE;
				MTL_FAST_MATH = YES;
				ONLY_ACTIVE_ARCH = YES;
				SDKROOT = iphoneos;
				SWIFT_ACTIVE_COMPILATION_CONDITIONS = "DEBUG $(inherited)";
				SWIFT_OPTIMIZATION_LEVEL = "-Onone";
			};
			name = Debug;
		};
		2A44205A2B09A7CE00DCD949 /* Release */ = {
			isa = XCBuildConfiguration;
			buildSettings = {
				ALWAYS_SEARCH_USER_PATHS = NO;
				ASSETCATALOG_COMPILER_GENERATE_SWIFT_ASSET_SYMBOL_EXTENSIONS = YES;
				CLANG_ANALYZER_NONNULL = YES;
				CLANG_ANALYZER_NUMBER_OBJECT_CONVERSION = YES_AGGRESSIVE;
				CLANG_CXX_LANGUAGE_STANDARD = "gnu++20";
				CLANG_ENABLE_MODULES = YES;
				CLANG_ENABLE_OBJC_ARC = YES;
				CLANG_ENABLE_OBJC_WEAK = YES;
				CLANG_WARN_BLOCK_CAPTURE_AUTORELEASING = YES;
				CLANG_WARN_BOOL_CONVERSION = YES;
				CLANG_WARN_COMMA = YES;
				CLANG_WARN_CONSTANT_CONVERSION = YES;
				CLANG_WARN_DEPRECATED_OBJC_IMPLEMENTATIONS = YES;
				CLANG_WARN_DIRECT_OBJC_ISA_USAGE = YES_ERROR;
				CLANG_WARN_DOCUMENTATION_COMMENTS = YES;
				CLANG_WARN_EMPTY_BODY = YES;
				CLANG_WARN_ENUM_CONVERSION = YES;
				CLANG_WARN_INFINITE_RECURSION = YES;
				CLANG_WARN_INT_CONVERSION = YES;
				CLANG_WARN_NON_LITERAL_NULL_CONVERSION = YES;
				CLANG_WARN_OBJC_IMPLICIT_RETAIN_SELF = YES;
				CLANG_WARN_OBJC_LITERAL_CONVERSION = YES;
				CLANG_WARN_OBJC_ROOT_CLASS = YES_ERROR;
				CLANG_WARN_QUOTED_INCLUDE_IN_FRAMEWORK_HEADER = YES;
				CLANG_WARN_RANGE_LOOP_ANALYSIS = YES;
				CLANG_WARN_STRICT_PROTOTYPES = YES;
				CLANG_WARN_SUSPICIOUS_MOVE = YES;
				CLANG_WARN_UNGUARDED_AVAILABILITY = YES_AGGRESSIVE;
				CLANG_WARN_UNREACHABLE_CODE = YES;
				CLANG_WARN__DUPLICATE_METHOD_MATCH = YES;
				COPY_PHASE_STRIP = NO;
				DEBUG_INFORMATION_FORMAT = "dwarf-with-dsym";
				ENABLE_NS_ASSERTIONS = NO;
				ENABLE_STRICT_OBJC_MSGSEND = YES;
				ENABLE_USER_SCRIPT_SANDBOXING = YES;
				GCC_C_LANGUAGE_STANDARD = gnu17;
				GCC_NO_COMMON_BLOCKS = YES;
				GCC_WARN_64_TO_32_BIT_CONVERSION = YES;
				GCC_WARN_ABOUT_RETURN_TYPE = YES_ERROR;
				GCC_WARN_UNDECLARED_SELECTOR = YES;
				GCC_WARN_UNINITIALIZED_AUTOS = YES_AGGRESSIVE;
				GCC_WARN_UNUSED_FUNCTION = YES;
				GCC_WARN_UNUSED_VARIABLE = YES;
				IPHONEOS_DEPLOYMENT_TARGET = 17.0;
				LOCALIZATION_PREFERS_STRING_CATALOGS = YES;
				MTL_ENABLE_DEBUG_INFO = NO;
				MTL_FAST_MATH = YES;
				SDKROOT = iphoneos;
				SWIFT_COMPILATION_MODE = wholemodule;
				VALIDATE_PRODUCT = YES;
			};
			name = Release;
		};
		2A44205C2B09A7CE00DCD949 /* Debug */ = {
			isa = XCBuildConfiguration;
			buildSettings = {
				ASSETCATALOG_COMPILER_APPICON_NAME = AppIcon;
				ASSETCATALOG_COMPILER_GLOBAL_ACCENT_COLOR_NAME = AccentColor;
				CODE_SIGN_STYLE = Automatic;
				CURRENT_PROJECT_VERSION = 1;
				DEVELOPMENT_ASSET_PATHS = "\"Hackathon 23/Preview Content\"";
				ENABLE_PREVIEWS = YES;
				GENERATE_INFOPLIST_FILE = YES;
				INFOPLIST_FILE = "Hackathon-23-Info.plist";
				INFOPLIST_KEY_UIApplicationSceneManifest_Generation = YES;
				INFOPLIST_KEY_UIApplicationSupportsIndirectInputEvents = YES;
				INFOPLIST_KEY_UILaunchScreen_Generation = YES;
				INFOPLIST_KEY_UISupportedInterfaceOrientations_iPad = "UIInterfaceOrientationPortrait UIInterfaceOrientationPortraitUpsideDown UIInterfaceOrientationLandscapeLeft UIInterfaceOrientationLandscapeRight";
				INFOPLIST_KEY_UISupportedInterfaceOrientations_iPhone = "UIInterfaceOrientationPortrait UIInterfaceOrientationLandscapeLeft UIInterfaceOrientationLandscapeRight";
				LD_RUNPATH_SEARCH_PATHS = (
					"$(inherited)",
					"@executable_path/Frameworks",
				);
				MARKETING_VERSION = 1.0;
				PRODUCT_BUNDLE_IDENTIFIER = "Group-28.Hackathon-23";
				PRODUCT_NAME = "$(TARGET_NAME)";
				SWIFT_EMIT_LOC_STRINGS = YES;
				SWIFT_VERSION = 5.0;
				TARGETED_DEVICE_FAMILY = "1,2";
			};
			name = Debug;
		};
		2A44205D2B09A7CE00DCD949 /* Release */ = {
			isa = XCBuildConfiguration;
			buildSettings = {
				ASSETCATALOG_COMPILER_APPICON_NAME = AppIcon;
				ASSETCATALOG_COMPILER_GLOBAL_ACCENT_COLOR_NAME = AccentColor;
				CODE_SIGN_STYLE = Automatic;
				CURRENT_PROJECT_VERSION = 1;
				DEVELOPMENT_ASSET_PATHS = "\"Hackathon 23/Preview Content\"";
				ENABLE_PREVIEWS = YES;
				GENERATE_INFOPLIST_FILE = YES;
				INFOPLIST_FILE = "Hackathon-23-Info.plist";
				INFOPLIST_KEY_UIApplicationSceneManifest_Generation = YES;
				INFOPLIST_KEY_UIApplicationSupportsIndirectInputEvents = YES;
				INFOPLIST_KEY_UILaunchScreen_Generation = YES;
				INFOPLIST_KEY_UISupportedInterfaceOrientations_iPad = "UIInterfaceOrientationPortrait UIInterfaceOrientationPortraitUpsideDown UIInterfaceOrientationLandscapeLeft UIInterfaceOrientationLandscapeRight";
				INFOPLIST_KEY_UISupportedInterfaceOrientations_iPhone = "UIInterfaceOrientationPortrait UIInterfaceOrientationLandscapeLeft UIInterfaceOrientationLandscapeRight";
				LD_RUNPATH_SEARCH_PATHS = (
					"$(inherited)",
					"@executable_path/Frameworks",
				);
				MARKETING_VERSION = 1.0;
				PRODUCT_BUNDLE_IDENTIFIER = "Group-28.Hackathon-23";
				PRODUCT_NAME = "$(TARGET_NAME)";
				SWIFT_EMIT_LOC_STRINGS = YES;
				SWIFT_VERSION = 5.0;
				TARGETED_DEVICE_FAMILY = "1,2";
			};
			name = Release;
		};
/* End XCBuildConfiguration section */

/* Begin XCConfigurationList section */
		2A4420482B09A7CC00DCD949 /* Build configuration list for PBXProject "Hackathon 23" */ = {
			isa = XCConfigurationList;
			buildConfigurations = (
				2A4420592B09A7CE00DCD949 /* Debug */,
				2A44205A2B09A7CE00DCD949 /* Release */,
			);
			defaultConfigurationIsVisible = 0;
			defaultConfigurationName = Release;
		};
		2A44205B2B09A7CE00DCD949 /* Build configuration list for PBXNativeTarget "Hackathon 23" */ = {
			isa = XCConfigurationList;
			buildConfigurations = (
				2A44205C2B09A7CE00DCD949 /* Debug */,
				2A44205D2B09A7CE00DCD949 /* Release */,
			);
			defaultConfigurationIsVisible = 0;
			defaultConfigurationName = Release;
		};
/* End XCConfigurationList section */
	};
	rootObject = 2A4420452B09A7CC00DCD949 /* Project object */;
}
